// !$*UTF8*$!
{
	archiveVersion = 1;
	classes = {
	};
	objectVersion = 46;
	objects = {

/* Begin PBXBuildFile section */
		9016C4FD1AC3EA6F002D6BB2 /* main.m in Sources */ = {isa = PBXBuildFile; fileRef = 9016C4FC1AC3EA6F002D6BB2 /* main.m */; };
		9016C5081AC3EC99002D6BB2 /* BookClub.m in Sources */ = {isa = PBXBuildFile; fileRef = 9016C5071AC3EC99002D6BB2 /* BookClub.m */; };
		9016C50B1AC3EDF3002D6BB2 /* BookWorm.m in Sources */ = {isa = PBXBuildFile; fileRef = 9016C50A1AC3EDF3002D6BB2 /* BookWorm.m */; };
		9016C50E1AC3EE0D002D6BB2 /* CasualPerson.m in Sources */ = {isa = PBXBuildFile; fileRef = 9016C50D1AC3EE0D002D6BB2 /* CasualPerson.m */; };
/* End PBXBuildFile section */

/* Begin PBXCopyFilesBuildPhase section */
		9016C4F71AC3EA6F002D6BB2 /* CopyFiles */ = {
			isa = PBXCopyFilesBuildPhase;
			buildActionMask = 2147483647;
			dstPath = /usr/share/man/man1/;
			dstSubfolderSpec = 0;
			files = (
			);
			runOnlyForDeploymentPostprocessing = 1;
		};
/* End PBXCopyFilesBuildPhase section */

/* Begin PBXFileReference section */
		9016C4F91AC3EA6F002D6BB2 /* PatternsDemo */ = {isa = PBXFileReference; explicitFileType = "compiled.mach-o.executable"; includeInIndex = 0; path = PatternsDemo; sourceTree = BUILT_PRODUCTS_DIR; };
		9016C4FC1AC3EA6F002D6BB2 /* main.m */ = {isa = PBXFileReference; lastKnownFileType = sourcecode.c.objc; path = main.m; sourceTree = "<group>"; };
		9016C5041AC3EB7A002D6BB2 /* PostMarket.h */ = {isa = PBXFileReference; fileEncoding = 4; lastKnownFileType = sourcecode.c.h; path = PostMarket.h; sourceTree = "<group>"; };
		9016C5051AC3EC2B002D6BB2 /* Subscriber.h */ = {isa = PBXFileReference; fileEncoding = 4; lastKnownFileType = sourcecode.c.h; name = Subscriber.h; path = ../Subscriber.h; sourceTree = "<group>"; };
		9016C5061AC3EC99002D6BB2 /* BookClub.h */ = {isa = PBXFileReference; fileEncoding = 4; lastKnownFileType = sourcecode.c.h; path = BookClub.h; sourceTree = "<group>"; };
		9016C5071AC3EC99002D6BB2 /* BookClub.m */ = {isa = PBXFileReference; fileEncoding = 4; lastKnownFileType = sourcecode.c.objc; path = BookClub.m; sourceTree = "<group>"; };
		9016C5091AC3EDF3002D6BB2 /* BookWorm.h */ = {isa = PBXFileReference; fileEncoding = 4; lastKnownFileType = sourcecode.c.h; path = BookWorm.h; sourceTree = "<group>"; };
		9016C50A1AC3EDF3002D6BB2 /* BookWorm.m */ = {isa = PBXFileReference; fileEncoding = 4; lastKnownFileType = sourcecode.c.objc; path = BookWorm.m; sourceTree = "<group>"; };
		9016C50C1AC3EE0D002D6BB2 /* CasualPerson.h */ = {isa = PBXFileReference; fileEncoding = 4; lastKnownFileType = sourcecode.c.h; path = CasualPerson.h; sourceTree = "<group>"; };
		9016C50D1AC3EE0D002D6BB2 /* CasualPerson.m */ = {isa = PBXFileReference; fileEncoding = 4; lastKnownFileType = sourcecode.c.objc; path = CasualPerson.m; sourceTree = "<group>"; };
/* End PBXFileReference section */

/* Begin PBXFrameworksBuildPhase section */
		9016C4F61AC3EA6F002D6BB2 /* Frameworks */ = {
			isa = PBXFrameworksBuildPhase;
			buildActionMask = 2147483647;
			files = (
			);
			runOnlyForDeploymentPostprocessing = 0;
		};
/* End PBXFrameworksBuildPhase section */

/* Begin PBXGroup section */
		9016C4F01AC3EA6F002D6BB2 = {
			isa = PBXGroup;
			children = (
				9016C4FB1AC3EA6F002D6BB2 /* PatternsDemo */,
				9016C4FA1AC3EA6F002D6BB2 /* Products */,
			);
			sourceTree = "<group>";
		};
		9016C4FA1AC3EA6F002D6BB2 /* Products */ = {
			isa = PBXGroup;
			children = (
				9016C4F91AC3EA6F002D6BB2 /* PatternsDemo */,
			);
			name = Products;
			sourceTree = "<group>";
		};
		9016C4FB1AC3EA6F002D6BB2 /* PatternsDemo */ = {
			isa = PBXGroup;
			children = (
				9016C4FC1AC3EA6F002D6BB2 /* main.m */,
				9016C5051AC3EC2B002D6BB2 /* Subscriber.h */,
				9016C5041AC3EB7A002D6BB2 /* PostMarket.h */,
				9016C5061AC3EC99002D6BB2 /* BookClub.h */,
				9016C5071AC3EC99002D6BB2 /* BookClub.m */,
				9016C5091AC3EDF3002D6BB2 /* BookWorm.h */,
				9016C50A1AC3EDF3002D6BB2 /* BookWorm.m */,
				9016C50C1AC3EE0D002D6BB2 /* CasualPerson.h */,
				9016C50D1AC3EE0D002D6BB2 /* CasualPerson.m */,
			);
			path = PatternsDemo;
			sourceTree = "<group>";
		};
/* End PBXGroup section */

/* Begin PBXNativeTarget section */
		9016C4F81AC3EA6F002D6BB2 /* PatternsDemo */ = {
			isa = PBXNativeTarget;
			buildConfigurationList = 9016C5001AC3EA6F002D6BB2 /* Build configuration list for PBXNativeTarget "PatternsDemo" */;
			buildPhases = (
				9016C4F51AC3EA6F002D6BB2 /* Sources */,
				9016C4F61AC3EA6F002D6BB2 /* Frameworks */,
				9016C4F71AC3EA6F002D6BB2 /* CopyFiles */,
			);
			buildRules = (
			);
			dependencies = (
			);
			name = PatternsDemo;
			productName = PatternsDemo;
			productReference = 9016C4F91AC3EA6F002D6BB2 /* PatternsDemo */;
			productType = "com.apple.product-type.tool";
		};
/* End PBXNativeTarget section */

/* Begin PBXProject section */
		9016C4F11AC3EA6F002D6BB2 /* Project object */ = {
			isa = PBXProject;
			attributes = {
				LastUpgradeCheck = 0620;
				ORGANIZATIONNAME = Huralnyk;
				TargetAttributes = {
					9016C4F81AC3EA6F002D6BB2 = {
						CreatedOnToolsVersion = 6.2;
					};
				};
			};
			buildConfigurationList = 9016C4F41AC3EA6F002D6BB2 /* Build configuration list for PBXProject "PatternsDemo" */;
			compatibilityVersion = "Xcode 3.2";
			developmentRegion = English;
			hasScannedForEncodings = 0;
			knownRegions = (
				en,
			);
			mainGroup = 9016C4F01AC3EA6F002D6BB2;
			productRefGroup = 9016C4FA1AC3EA6F002D6BB2 /* Products */;
			projectDirPath = "";
			projectRoot = "";
			targets = (
				9016C4F81AC3EA6F002D6BB2 /* PatternsDemo */,
			);
		};
/* End PBXProject section */

/* Begin PBXSourcesBuildPhase section */
		9016C4F51AC3EA6F002D6BB2 /* Sources */ = {
			isa = PBXSourcesBuildPhase;
			buildActionMask = 2147483647;
			files = (
				9016C5081AC3EC99002D6BB2 /* BookClub.m in Sources */,
				9016C50E1AC3EE0D002D6BB2 /* CasualPerson.m in Sources */,
				9016C50B1AC3EDF3002D6BB2 /* BookWorm.m in Sources */,
				9016C4FD1AC3EA6F002D6BB2 /* main.m in Sources */,
			);
			runOnlyForDeploymentPostprocessing = 0;
		};
/* End PBXSourcesBuildPhase section */

/* Begin XCBuildConfiguration section */
		9016C4FE1AC3EA6F002D6BB2 /* Debug */ = {
			isa = XCBuildConfiguration;
			buildSettings = {
				ALWAYS_SEARCH_USER_PATHS = NO;
				CLANG_CXX_LANGUAGE_STANDARD = "gnu++0x";
				CLANG_CXX_LIBRARY = "libc++";
				CLANG_ENABLE_MODULES = YES;
				CLANG_ENABLE_OBJC_ARC = YES;
				CLANG_WARN_BOOL_CONVERSION = YES;
				CLANG_WARN_CONSTANT_CONVERSION = YES;
				CLANG_WARN_DIRECT_OBJC_ISA_USAGE = YES_ERROR;
				CLANG_WARN_EMPTY_BODY = YES;
				CLANG_WARN_ENUM_CONVERSION = YES;
				CLANG_WARN_INT_CONVERSION = YES;
				CLANG_WARN_OBJC_ROOT_CLASS = YES_ERROR;
				CLANG_WARN_UNREACHABLE_CODE = YES;
				CLANG_WARN__DUPLICATE_METHOD_MATCH = YES;
				COPY_PHASE_STRIP = NO;
				ENABLE_STRICT_OBJC_MSGSEND = YES;
				GCC_C_LANGUAGE_STANDARD = gnu99;
				GCC_DYNAMIC_NO_PIC = NO;
				GCC_OPTIMIZATION_LEVEL = 0;
				GCC_PREPROCESSOR_DEFINITIONS = (
					"DEBUG=1",
					"$(inherited)",
				);
				GCC_SYMBOLS_PRIVATE_EXTERN = NO;
				GCC_WARN_64_TO_32_BIT_CONVERSION = YES;
				GCC_WARN_ABOUT_RETURN_TYPE = YES_ERROR;
				GCC_WARN_UNDECLARED_SELECTOR = YES;
				GCC_WARN_UNINITIALIZED_AUTOS = YES_AGGRESSIVE;
				GCC_WARN_UNUSED_FUNCTION = YES;
				GCC_WARN_UNUSED_VARIABLE = YES;
				MACOSX_DEPLOYMENT_TARGET = 10.10;
				MTL_ENABLE_DEBUG_INFO = YES;
				ONLY_ACTIVE_ARCH = YES;
				SDKROOT = macosx;
			};
			name = Debug;
		};
		9016C4FF1AC3EA6F002D6BB2 /* Release */ = {
			isa = XCBuildConfiguration;
			buildSettings = {
				ALWAYS_SEARCH_USER_PATHS = NO;
				CLANG_CXX_LANGUAGE_STANDARD = "gnu++0x";
				CLANG_CXX_LIBRARY = "libc++";
				CLANG_ENABLE_MODULES = YES;
				CLANG_ENABLE_OBJC_ARC = YES;
				CLANG_WARN_BOOL_CONVERSION = YES;
				CLANG_WARN_CONSTANT_CONVERSION = YES;
				CLANG_WARN_DIRECT_OBJC_ISA_USAGE = YES_ERROR;
				CLANG_WARN_EMPTY_BODY = YES;
				CLANG_WARN_ENUM_CONVERSION = YES;
				CLANG_WARN_INT_CONVERSION = YES;
				CLANG_WARN_OBJC_ROOT_CLASS = YES_ERROR;
				CLANG_WARN_UNREACHABLE_CODE = YES;
				CLANG_WARN__DUPLICATE_METHOD_MATCH = YES;
				COPY_PHASE_STRIP = NO;
				DEBUG_INFORMATION_FORMAT = "dwarf-with-dsym";
				ENABLE_NS_ASSERTIONS = NO;
				ENABLE_STRICT_OBJC_MSGSEND = YES;
				GCC_C_LANGUAGE_STANDARD = gnu99;
				GCC_WARN_64_TO_32_BIT_CONVERSION = YES;
				GCC_WARN_ABOUT_RETURN_TYPE = YES_ERROR;
				GCC_WARN_UNDECLARED_SELECTOR = YES;
				GCC_WARN_UNINITIALIZED_AUTOS = YES_AGGRESSIVE;
				GCC_WARN_UNUSED_FUNCTION = YES;
				GCC_WARN_UNUSED_VARIABLE = YES;
				MACOSX_DEPLOYMENT_TARGET = 10.10;
				MTL_ENABLE_DEBUG_INFO = NO;
				SDKROOT = macosx;
			};
			name = Release;
		};
		9016C5011AC3EA6F002D6BB2 /* Debug */ = {
			isa = XCBuildConfiguration;
			buildSettings = {
				PRODUCT_NAME = "$(TARGET_NAME)";
			};
			name = Debug;
		};
		9016C5021AC3EA6F002D6BB2 /* Release */ = {
			isa = XCBuildConfiguration;
			buildSettings = {
				PRODUCT_NAME = "$(TARGET_NAME)";
			};
			name = Release;
		};
/* End XCBuildConfiguration section */

/* Begin XCConfigurationList section */
		9016C4F41AC3EA6F002D6BB2 /* Build configuration list for PBXProject "PatternsDemo" */ = {
			isa = XCConfigurationList;
			buildConfigurations = (
				9016C4FE1AC3EA6F002D6BB2 /* Debug */,
				9016C4FF1AC3EA6F002D6BB2 /* Release */,
			);
			defaultConfigurationIsVisible = 0;
			defaultConfigurationName = Release;
		};
		9016C5001AC3EA6F002D6BB2 /* Build configuration list for PBXNativeTarget "PatternsDemo" */ = {
			isa = XCConfigurationList;
			buildConfigurations = (
				9016C5011AC3EA6F002D6BB2 /* Debug */,
				9016C5021AC3EA6F002D6BB2 /* Release */,
			);
			defaultConfigurationIsVisible = 0;
		};
/* End XCConfigurationList section */
	};
	rootObject = 9016C4F11AC3EA6F002D6BB2 /* Project object */;
}
